// !$*UTF8*$!
{
	archiveVersion = 1;
	classes = {
	};
	objectVersion = 46;
	objects = {

/* Begin PBXBuildFile section */
		A3780F12182B3D8500CFFD07 /* Foundation.framework in Frameworks */ = {isa = PBXBuildFile; fileRef = A3780F11182B3D8500CFFD07 /* Foundation.framework */; };
		A3780F14182B3D8500CFFD07 /* CoreGraphics.framework in Frameworks */ = {isa = PBXBuildFile; fileRef = A3780F13182B3D8500CFFD07 /* CoreGraphics.framework */; };
		A3780F16182B3D8500CFFD07 /* UIKit.framework in Frameworks */ = {isa = PBXBuildFile; fileRef = A3780F15182B3D8500CFFD07 /* UIKit.framework */; };
		A3780F1C182B3D8500CFFD07 /* InfoPlist.strings in Resources */ = {isa = PBXBuildFile; fileRef = A3780F1A182B3D8500CFFD07 /* InfoPlist.strings */; };
		A3780F1E182B3D8500CFFD07 /* main.m in Sources */ = {isa = PBXBuildFile; fileRef = A3780F1D182B3D8500CFFD07 /* main.m */; };
		A3780F22182B3D8500CFFD07 /* KMAppDelegate.m in Sources */ = {isa = PBXBuildFile; fileRef = A3780F21182B3D8500CFFD07 /* KMAppDelegate.m */; };
		A3780F25182B3D8500CFFD07 /* Main.storyboard in Resources */ = {isa = PBXBuildFile; fileRef = A3780F23182B3D8500CFFD07 /* Main.storyboard */; };
		A3780F28182B3D8500CFFD07 /* KMViewController.m in Sources */ = {isa = PBXBuildFile; fileRef = A3780F27182B3D8500CFFD07 /* KMViewController.m */; };
		A3780F2A182B3D8500CFFD07 /* Images.xcassets in Resources */ = {isa = PBXBuildFile; fileRef = A3780F29182B3D8500CFFD07 /* Images.xcassets */; };
		A3780F31182B3D8500CFFD07 /* XCTest.framework in Frameworks */ = {isa = PBXBuildFile; fileRef = A3780F30182B3D8500CFFD07 /* XCTest.framework */; };
		A3780F32182B3D8500CFFD07 /* Foundation.framework in Frameworks */ = {isa = PBXBuildFile; fileRef = A3780F11182B3D8500CFFD07 /* Foundation.framework */; };
		A3780F33182B3D8500CFFD07 /* UIKit.framework in Frameworks */ = {isa = PBXBuildFile; fileRef = A3780F15182B3D8500CFFD07 /* UIKit.framework */; };
		A3780F3B182B3D8500CFFD07 /* InfoPlist.strings in Resources */ = {isa = PBXBuildFile; fileRef = A3780F39182B3D8500CFFD07 /* InfoPlist.strings */; };
		A3780F3D182B3D8500CFFD07 /* CameraTests.m in Sources */ = {isa = PBXBuildFile; fileRef = A3780F3C182B3D8500CFFD07 /* CameraTests.m */; };
/* End PBXBuildFile section */

/* Begin PBXContainerItemProxy section */
		A3780F34182B3D8500CFFD07 /* PBXContainerItemProxy */ = {
			isa = PBXContainerItemProxy;
			containerPortal = A3780F06182B3D8500CFFD07 /* Project object */;
			proxyType = 1;
			remoteGlobalIDString = A3780F0D182B3D8500CFFD07;
			remoteInfo = Camera;
		};
/* End PBXContainerItemProxy section */

/* Begin PBXFileReference section */
		A3780F0E182B3D8500CFFD07 /* Camera.app */ = {isa = PBXFileReference; explicitFileType = wrapper.application; includeInIndex = 0; path = Camera.app; sourceTree = BUILT_PRODUCTS_DIR; };
		A3780F11182B3D8500CFFD07 /* Foundation.framework */ = {isa = PBXFileReference; lastKnownFileType = wrapper.framework; name = Foundation.framework; path = System/Library/Frameworks/Foundation.framework; sourceTree = SDKROOT; };
		A3780F13182B3D8500CFFD07 /* CoreGraphics.framework */ = {isa = PBXFileReference; lastKnownFileType = wrapper.framework; name = CoreGraphics.framework; path = System/Library/Frameworks/CoreGraphics.framework; sourceTree = SDKROOT; };
		A3780F15182B3D8500CFFD07 /* UIKit.framework */ = {isa = PBXFileReference; lastKnownFileType = wrapper.framework; name = UIKit.framework; path = System/Library/Frameworks/UIKit.framework; sourceTree = SDKROOT; };
		A3780F19182B3D8500CFFD07 /* Camera-Info.plist */ = {isa = PBXFileReference; lastKnownFileType = text.plist.xml; path = "Camera-Info.plist"; sourceTree = "<group>"; };
		A3780F1B182B3D8500CFFD07 /* en */ = {isa = PBXFileReference; lastKnownFileType = text.plist.strings; name = en; path = en.lproj/InfoPlist.strings; sourceTree = "<group>"; };
		A3780F1D182B3D8500CFFD07 /* main.m */ = {isa = PBXFileReference; lastKnownFileType = sourcecode.c.objc; path = main.m; sourceTree = "<group>"; };
		A3780F1F182B3D8500CFFD07 /* Camera-Prefix.pch */ = {isa = PBXFileReference; lastKnownFileType = sourcecode.c.h; path = "Camera-Prefix.pch"; sourceTree = "<group>"; };
		A3780F20182B3D8500CFFD07 /* KMAppDelegate.h */ = {isa = PBXFileReference; lastKnownFileType = sourcecode.c.h; path = KMAppDelegate.h; sourceTree = "<group>"; };
		A3780F21182B3D8500CFFD07 /* KMAppDelegate.m */ = {isa = PBXFileReference; lastKnownFileType = sourcecode.c.objc; path = KMAppDelegate.m; sourceTree = "<group>"; };
		A3780F24182B3D8500CFFD07 /* Base */ = {isa = PBXFileReference; lastKnownFileType = file.storyboard; name = Base; path = Base.lproj/Main.storyboard; sourceTree = "<group>"; };
		A3780F26182B3D8500CFFD07 /* KMViewController.h */ = {isa = PBXFileReference; lastKnownFileType = sourcecode.c.h; path = KMViewController.h; sourceTree = "<group>"; };
		A3780F27182B3D8500CFFD07 /* KMViewController.m */ = {isa = PBXFileReference; lastKnownFileType = sourcecode.c.objc; path = KMViewController.m; sourceTree = "<group>"; };
		A3780F29182B3D8500CFFD07 /* Images.xcassets */ = {isa = PBXFileReference; lastKnownFileType = folder.assetcatalog; path = Images.xcassets; sourceTree = "<group>"; };
		A3780F2F182B3D8500CFFD07 /* CameraTests.xctest */ = {isa = PBXFileReference; explicitFileType = wrapper.cfbundle; includeInIndex = 0; path = CameraTests.xctest; sourceTree = BUILT_PRODUCTS_DIR; };
		A3780F30182B3D8500CFFD07 /* XCTest.framework */ = {isa = PBXFileReference; lastKnownFileType = wrapper.framework; name = XCTest.framework; path = Library/Frameworks/XCTest.framework; sourceTree = DEVELOPER_DIR; };
		A3780F38182B3D8500CFFD07 /* CameraTests-Info.plist */ = {isa = PBXFileReference; lastKnownFileType = text.plist.xml; path = "CameraTests-Info.plist"; sourceTree = "<group>"; };
		A3780F3A182B3D8500CFFD07 /* en */ = {isa = PBXFileReference; lastKnownFileType = text.plist.strings; name = en; path = en.lproj/InfoPlist.strings; sourceTree = "<group>"; };
		A3780F3C182B3D8500CFFD07 /* CameraTests.m */ = {isa = PBXFileReference; lastKnownFileType = sourcecode.c.objc; path = CameraTests.m; sourceTree = "<group>"; };
/* End PBXFileReference section */

/* Begin PBXFrameworksBuildPhase section */
		A3780F0B182B3D8500CFFD07 /* Frameworks */ = {
			isa = PBXFrameworksBuildPhase;
			buildActionMask = 2147483647;
			files = (
				A3780F14182B3D8500CFFD07 /* CoreGraphics.framework in Frameworks */,
				A3780F16182B3D8500CFFD07 /* UIKit.framework in Frameworks */,
				A3780F12182B3D8500CFFD07 /* Foundation.framework in Frameworks */,
			);
			runOnlyForDeploymentPostprocessing = 0;
		};
		A3780F2C182B3D8500CFFD07 /* Frameworks */ = {
			isa = PBXFrameworksBuildPhase;
			buildActionMask = 2147483647;
			files = (
				A3780F31182B3D8500CFFD07 /* XCTest.framework in Frameworks */,
				A3780F33182B3D8500CFFD07 /* UIKit.framework in Frameworks */,
				A3780F32182B3D8500CFFD07 /* Foundation.framework in Frameworks */,
			);
			runOnlyForDeploymentPostprocessing = 0;
		};
/* End PBXFrameworksBuildPhase section */

/* Begin PBXGroup section */
		A3780F05182B3D8500CFFD07 = {
			isa = PBXGroup;
			children = (
				A3780F17182B3D8500CFFD07 /* Camera */,
				A3780F36182B3D8500CFFD07 /* CameraTests */,
				A3780F10182B3D8500CFFD07 /* Frameworks */,
				A3780F0F182B3D8500CFFD07 /* Products */,
			);
			sourceTree = "<group>";
		};
		A3780F0F182B3D8500CFFD07 /* Products */ = {
			isa = PBXGroup;
			children = (
				A3780F0E182B3D8500CFFD07 /* Camera.app */,
				A3780F2F182B3D8500CFFD07 /* CameraTests.xctest */,
			);
			name = Products;
			sourceTree = "<group>";
		};
		A3780F10182B3D8500CFFD07 /* Frameworks */ = {
			isa = PBXGroup;
			children = (
				A3780F11182B3D8500CFFD07 /* Foundation.framework */,
				A3780F13182B3D8500CFFD07 /* CoreGraphics.framework */,
				A3780F15182B3D8500CFFD07 /* UIKit.framework */,
				A3780F30182B3D8500CFFD07 /* XCTest.framework */,
			);
			name = Frameworks;
			sourceTree = "<group>";
		};
		A3780F17182B3D8500CFFD07 /* Camera */ = {
			isa = PBXGroup;
			children = (
				A3780F20182B3D8500CFFD07 /* KMAppDelegate.h */,
				A3780F21182B3D8500CFFD07 /* KMAppDelegate.m */,
				A3780F23182B3D8500CFFD07 /* Main.storyboard */,
				A3780F26182B3D8500CFFD07 /* KMViewController.h */,
				A3780F27182B3D8500CFFD07 /* KMViewController.m */,
				A3780F29182B3D8500CFFD07 /* Images.xcassets */,
				A3780F18182B3D8500CFFD07 /* Supporting Files */,
			);
			path = Camera;
			sourceTree = "<group>";
		};
		A3780F18182B3D8500CFFD07 /* Supporting Files */ = {
			isa = PBXGroup;
			children = (
				A3780F19182B3D8500CFFD07 /* Camera-Info.plist */,
				A3780F1A182B3D8500CFFD07 /* InfoPlist.strings */,
				A3780F1D182B3D8500CFFD07 /* main.m */,
				A3780F1F182B3D8500CFFD07 /* Camera-Prefix.pch */,
			);
			name = "Supporting Files";
			sourceTree = "<group>";
		};
		A3780F36182B3D8500CFFD07 /* CameraTests */ = {
			isa = PBXGroup;
			children = (
				A3780F3C182B3D8500CFFD07 /* CameraTests.m */,
				A3780F37182B3D8500CFFD07 /* Supporting Files */,
			);
			path = CameraTests;
			sourceTree = "<group>";
		};
		A3780F37182B3D8500CFFD07 /* Supporting Files */ = {
			isa = PBXGroup;
			children = (
				A3780F38182B3D8500CFFD07 /* CameraTests-Info.plist */,
				A3780F39182B3D8500CFFD07 /* InfoPlist.strings */,
			);
			name = "Supporting Files";
			sourceTree = "<group>";
		};
/* End PBXGroup section */

/* Begin PBXNativeTarget section */
		A3780F0D182B3D8500CFFD07 /* Camera */ = {
			isa = PBXNativeTarget;
			buildConfigurationList = A3780F40182B3D8500CFFD07 /* Build configuration list for PBXNativeTarget "Camera" */;
			buildPhases = (
				A3780F0A182B3D8500CFFD07 /* Sources */,
				A3780F0B182B3D8500CFFD07 /* Frameworks */,
				A3780F0C182B3D8500CFFD07 /* Resources */,
			);
			buildRules = (
			);
			dependencies = (
			);
			name = Camera;
			productName = Camera;
			productReference = A3780F0E182B3D8500CFFD07 /* Camera.app */;
			productType = "com.apple.product-type.application";
		};
		A3780F2E182B3D8500CFFD07 /* CameraTests */ = {
			isa = PBXNativeTarget;
			buildConfigurationList = A3780F43182B3D8500CFFD07 /* Build configuration list for PBXNativeTarget "CameraTests" */;
			buildPhases = (
				A3780F2B182B3D8500CFFD07 /* Sources */,
				A3780F2C182B3D8500CFFD07 /* Frameworks */,
				A3780F2D182B3D8500CFFD07 /* Resources */,
			);
			buildRules = (
			);
			dependencies = (
				A3780F35182B3D8500CFFD07 /* PBXTargetDependency */,
			);
			name = CameraTests;
			productName = CameraTests;
			productReference = A3780F2F182B3D8500CFFD07 /* CameraTests.xctest */;
			productType = "com.apple.product-type.bundle.unit-test";
		};
/* End PBXNativeTarget section */

/* Begin PBXProject section */
		A3780F06182B3D8500CFFD07 /* Project object */ = {
			isa = PBXProject;
			attributes = {
				CLASSPREFIX = KM;
				LastUpgradeCheck = 0500;
				ORGANIZATIONNAME = "Kelli Mohr";
				TargetAttributes = {
					A3780F2E182B3D8500CFFD07 = {
						TestTargetID = A3780F0D182B3D8500CFFD07;
					};
				};
			};
			buildConfigurationList = A3780F09182B3D8500CFFD07 /* Build configuration list for PBXProject "Camera" */;
			compatibilityVersion = "Xcode 3.2";
			developmentRegion = English;
			hasScannedForEncodings = 0;
			knownRegions = (
				en,
				Base,
			);
			mainGroup = A3780F05182B3D8500CFFD07;
			productRefGroup = A3780F0F182B3D8500CFFD07 /* Products */;
			projectDirPath = "";
			projectRoot = "";
			targets = (
				A3780F0D182B3D8500CFFD07 /* Camera */,
				A3780F2E182B3D8500CFFD07 /* CameraTests */,
			);
		};
/* End PBXProject section */

/* Begin PBXResourcesBuildPhase section */
		A3780F0C182B3D8500CFFD07 /* Resources */ = {
			isa = PBXResourcesBuildPhase;
			buildActionMask = 2147483647;
			files = (
				A3780F2A182B3D8500CFFD07 /* Images.xcassets in Resources */,
				A3780F1C182B3D8500CFFD07 /* InfoPlist.strings in Resources */,
				A3780F25182B3D8500CFFD07 /* Main.storyboard in Resources */,
			);
			runOnlyForDeploymentPostprocessing = 0;
		};
		A3780F2D182B3D8500CFFD07 /* Resources */ = {
			isa = PBXResourcesBuildPhase;
			buildActionMask = 2147483647;
			files = (
				A3780F3B182B3D8500CFFD07 /* InfoPlist.strings in Resources */,
			);
			runOnlyForDeploymentPostprocessing = 0;
		};
/* End PBXResourcesBuildPhase section */

/* Begin PBXSourcesBuildPhase section */
		A3780F0A182B3D8500CFFD07 /* Sources */ = {
			isa = PBXSourcesBuildPhase;
			buildActionMask = 2147483647;
			files = (
				A3780F28182B3D8500CFFD07 /* KMViewController.m in Sources */,
				A3780F22182B3D8500CFFD07 /* KMAppDelegate.m in Sources */,
				A3780F1E182B3D8500CFFD07 /* main.m in Sources */,
			);
			runOnlyForDeploymentPostprocessing = 0;
		};
		A3780F2B182B3D8500CFFD07 /* Sources */ = {
			isa = PBXSourcesBuildPhase;
			buildActionMask = 2147483647;
			files = (
				A3780F3D182B3D8500CFFD07 /* CameraTests.m in Sources */,
			);
			runOnlyForDeploymentPostprocessing = 0;
		};
/* End PBXSourcesBuildPhase section */

/* Begin PBXTargetDependency section */
		A3780F35182B3D8500CFFD07 /* PBXTargetDependency */ = {
			isa = PBXTargetDependency;
			target = A3780F0D182B3D8500CFFD07 /* Camera */;
			targetProxy = A3780F34182B3D8500CFFD07 /* PBXContainerItemProxy */;
		};
/* End PBXTargetDependency section */

/* Begin PBXVariantGroup section */
		A3780F1A182B3D8500CFFD07 /* InfoPlist.strings */ = {
			isa = PBXVariantGroup;
			children = (
				A3780F1B182B3D8500CFFD07 /* en */,
			);
			name = InfoPlist.strings;
			sourceTree = "<group>";
		};
		A3780F23182B3D8500CFFD07 /* Main.storyboard */ = {
			isa = PBXVariantGroup;
			children = (
				A3780F24182B3D8500CFFD07 /* Base */,
			);
			name = Main.storyboard;
			sourceTree = "<group>";
		};
		A3780F39182B3D8500CFFD07 /* InfoPlist.strings */ = {
			isa = PBXVariantGroup;
			children = (
				A3780F3A182B3D8500CFFD07 /* en */,
			);
			name = InfoPlist.strings;
			sourceTree = "<group>";
		};
/* End PBXVariantGroup section */

/* Begin XCBuildConfiguration section */
		A3780F3E182B3D8500CFFD07 /* Debug */ = {
			isa = XCBuildConfiguration;
			buildSettings = {
				ALWAYS_SEARCH_USER_PATHS = NO;
				ARCHS = "$(ARCHS_STANDARD_INCLUDING_64_BIT)";
				CLANG_CXX_LANGUAGE_STANDARD = "gnu++0x";
				CLANG_CXX_LIBRARY = "libc++";
				CLANG_ENABLE_MODULES = YES;
				CLANG_ENABLE_OBJC_ARC = YES;
				CLANG_WARN_BOOL_CONVERSION = YES;
				CLANG_WARN_CONSTANT_CONVERSION = YES;
				CLANG_WARN_DIRECT_OBJC_ISA_USAGE = YES_ERROR;
				CLANG_WARN_EMPTY_BODY = YES;
				CLANG_WARN_ENUM_CONVERSION = YES;
				CLANG_WARN_INT_CONVERSION = YES;
				CLANG_WARN_OBJC_ROOT_CLASS = YES_ERROR;
				CLANG_WARN__DUPLICATE_METHOD_MATCH = YES;
				"CODE_SIGN_IDENTITY[sdk=iphoneos*]" = "iPhone Developer";
				COPY_PHASE_STRIP = NO;
				GCC_C_LANGUAGE_STANDARD = gnu99;
				GCC_DYNAMIC_NO_PIC = NO;
				GCC_OPTIMIZATION_LEVEL = 0;
				GCC_PREPROCESSOR_DEFINITIONS = (
					"DEBUG=1",
					"$(inherited)",
				);
				GCC_SYMBOLS_PRIVATE_EXTERN = NO;
				GCC_WARN_64_TO_32_BIT_CONVERSION = YES;
				GCC_WARN_ABOUT_RETURN_TYPE = YES_ERROR;
				GCC_WARN_UNDECLARED_SELECTOR = YES;
				GCC_WARN_UNINITIALIZED_AUTOS = YES;
				GCC_WARN_UNUSED_FUNCTION = YES;
				GCC_WARN_UNUSED_VARIABLE = YES;
				IPHONEOS_DEPLOYMENT_TARGET = 7.0;
				ONLY_ACTIVE_ARCH = YES;
				SDKROOT = iphoneos;
			};
			name = Debug;
		};
		A3780F3F182B3D8500CFFD07 /* Release */ = {
			isa = XCBuildConfiguration;
			buildSettings = {
				ALWAYS_SEARCH_USER_PATHS = NO;
				ARCHS = "$(ARCHS_STANDARD_INCLUDING_64_BIT)";
				CLANG_CXX_LANGUAGE_STANDARD = "gnu++0x";
				CLANG_CXX_LIBRARY = "libc++";
				CLANG_ENABLE_MODULES = YES;
				CLANG_ENABLE_OBJC_ARC = YES;
				CLANG_WARN_BOOL_CONVERSION = YES;
				CLANG_WARN_CONSTANT_CONVERSION = YES;
				CLANG_WARN_DIRECT_OBJC_ISA_USAGE = YES_ERROR;
				CLANG_WARN_EMPTY_BODY = YES;
				CLANG_WARN_ENUM_CONVERSION = YES;
				CLANG_WARN_INT_CONVERSION = YES;
				CLANG_WARN_OBJC_ROOT_CLASS = YES_ERROR;
				CLANG_WARN__DUPLICATE_METHOD_MATCH = YES;
				"CODE_SIGN_IDENTITY[sdk=iphoneos*]" = "iPhone Developer";
				COPY_PHASE_STRIP = YES;
				ENABLE_NS_ASSERTIONS = NO;
				GCC_C_LANGUAGE_STANDARD = gnu99;
				GCC_WARN_64_TO_32_BIT_CONVERSION = YES;
				GCC_WARN_ABOUT_RETURN_TYPE = YES_ERROR;
				GCC_WARN_UNDECLARED_SELECTOR = YES;
				GCC_WARN_UNINITIALIZED_AUTOS = YES;
				GCC_WARN_UNUSED_FUNCTION = YES;
				GCC_WARN_UNUSED_VARIABLE = YES;
				IPHONEOS_DEPLOYMENT_TARGET = 7.0;
				SDKROOT = iphoneos;
				VALIDATE_PRODUCT = YES;
			};
			name = Release;
		};
		A3780F41182B3D8500CFFD07 /* Debug */ = {
			isa = XCBuildConfiguration;
			buildSettings = {
				ASSETCATALOG_COMPILER_APPICON_NAME = AppIcon;
				ASSETCATALOG_COMPILER_LAUNCHIMAGE_NAME = LaunchImage;
				CODE_SIGN_IDENTITY = "iPhone Developer: Kelli Mohr (Z95PW23XHF)";
				GCC_PRECOMPILE_PREFIX_HEADER = YES;
				GCC_PREFIX_HEADER = "Camera/Camera-Prefix.pch";
				INFOPLIST_FILE = "Camera/Camera-Info.plist";
				PRODUCT_NAME = "$(TARGET_NAME)";
				WRAPPER_EXTENSION = app;
			};
			name = Debug;
		};
		A3780F42182B3D8500CFFD07 /* Release */ = {
			isa = XCBuildConfiguration;
			buildSettings = {
				ASSETCATALOG_COMPILER_APPICON_NAME = AppIcon;
				ASSETCATALOG_COMPILER_LAUNCHIMAGE_NAME = LaunchImage;
				GCC_PRECOMPILE_PREFIX_HEADER = YES;
				GCC_PREFIX_HEADER = "Camera/Camera-Prefix.pch";
				INFOPLIST_FILE = "Camera/Camera-Info.plist";
				PRODUCT_NAME = "$(TARGET_NAME)";
				WRAPPER_EXTENSION = app;
			};
			name = Release;
		};
		A3780F44182B3D8500CFFD07 /* Debug */ = {
			isa = XCBuildConfiguration;
			buildSettings = {
				ARCHS = "$(ARCHS_STANDARD_INCLUDING_64_BIT)";
				BUNDLE_LOADER = "$(BUILT_PRODUCTS_DIR)/Camera.app/Camera";
				FRAMEWORK_SEARCH_PATHS = (
					"$(SDKROOT)/Developer/Library/Frameworks",
					"$(inherited)",
					"$(DEVELOPER_FRAMEWORKS_DIR)",
				);
				GCC_PRECOMPILE_PREFIX_HEADER = YES;
				GCC_PREFIX_HEADER = "Camera/Camera-Prefix.pch";
				GCC_PREPROCESSOR_DEFINITIONS = (
					"DEBUG=1",
					"$(inherited)",
				);
				INFOPLIST_FILE = "CameraTests/CameraTests-Info.plist";
				PRODUCT_NAME = "$(TARGET_NAME)";
				TEST_HOST = "$(BUNDLE_LOADER)";
				WRAPPER_EXTENSION = xctest;
			};
			name = Debug;
		};
		A3780F45182B3D8500CFFD07 /* Release */ = {
			isa = XCBuildConfiguration;
			buildSettings = {
				ARCHS = "$(ARCHS_STANDARD_INCLUDING_64_BIT)";
				BUNDLE_LOADER = "$(BUILT_PRODUCTS_DIR)/Camera.app/Camera";
				FRAMEWORK_SEARCH_PATHS = (
					"$(SDKROOT)/Developer/Library/Frameworks",
					"$(inherited)",
					"$(DEVELOPER_FRAMEWORKS_DIR)",
				);
				GCC_PRECOMPILE_PREFIX_HEADER = YES;
				GCC_PREFIX_HEADER = "Camera/Camera-Prefix.pch";
				INFOPLIST_FILE = "CameraTests/CameraTests-Info.plist";
				PRODUCT_NAME = "$(TARGET_NAME)";
				TEST_HOST = "$(BUNDLE_LOADER)";
				WRAPPER_EXTENSION = xctest;
			};
			name = Release;
		};
/* End XCBuildConfiguration section */

/* Begin XCConfigurationList section */
		A3780F09182B3D8500CFFD07 /* Build configuration list for PBXProject "Camera" */ = {
			isa = XCConfigurationList;
			buildConfigurations = (
				A3780F3E182B3D8500CFFD07 /* Debug */,
				A3780F3F182B3D8500CFFD07 /* Release */,
			);
			defaultConfigurationIsVisible = 0;
			defaultConfigurationName = Release;
		};
		A3780F40182B3D8500CFFD07 /* Build configuration list for PBXNativeTarget "Camera" */ = {
			isa = XCConfigurationList;
			buildConfigurations = (
				A3780F41182B3D8500CFFD07 /* Debug */,
				A3780F42182B3D8500CFFD07 /* Release */,
			);
			defaultConfigurationIsVisible = 0;
		};
		A3780F43182B3D8500CFFD07 /* Build configuration list for PBXNativeTarget "CameraTests" */ = {
			isa = XCConfigurationList;
			buildConfigurations = (
				A3780F44182B3D8500CFFD07 /* Debug */,
				A3780F45182B3D8500CFFD07 /* Release */,
			);
			defaultConfigurationIsVisible = 0;
		};
/* End XCConfigurationList section */
	};
	rootObject = A3780F06182B3D8500CFFD07 /* Project object */;
}
